PODS:
  - Alamofire (4.5.0)
  - AlamofireImage (3.2.0):
    - Alamofire (~> 4.1)
  - Bolts/Tasks (1.8.4)
  - Koloda (4.1):
    - pop (~> 1.0)
  - KRActivityIndicatorView (2.0.2)
  - KRProgressHUD (3.0.0):
    - KRActivityIndicatorView (~> 2.0.2)
  - Parse (1.15.0):
    - Bolts/Tasks (~> 1.8)
  - ParseUI (1.2.0):
    - Bolts/Tasks (~> 1.3)
    - Parse (~> 1.9)
  - pop (1.0.10)
  - SDWebImage (4.0.0):
    - SDWebImage/Core (= 4.0.0)
  - SDWebImage/Core (4.0.0)
  - TextFieldEffects (1.3.3)

DEPENDENCIES:
  - AlamofireImage (~> 3.1)
  - Koloda
  - KRProgressHUD
  - Parse
  - ParseUI
  - SDWebImage
  - TextFieldEffects

SPEC CHECKSUMS:
  Alamofire: f28cdffd29de33a7bfa022cbd63ae95a27fae140
  AlamofireImage: 157ed682cc81d3b9db4fb90c1f12180ac552d93b
  Bolts: 8a7995239dbe724f9cba2248b766d48b7ebdd322
  Koloda: 6c4fa3ce9a68776a8ef973311e53fdda432799a8
  KRActivityIndicatorView: 2a9d5442ba8da6274db3afdf46aeaef7cf6dd8ad
  KRProgressHUD: 14f9fad06080bdb1e59569104a8eda654c83e813
  Parse: c0519f8fbf57bd0334f75cd22ac032d86ee55464
  ParseUI: af2eba584799da4a9fbdac0e178662d7438b502e
  pop: 82ca6b068ce9278fd350fd9dd09482a0ce9492e6
  SDWebImage: 76a6348bdc74eb5a55dd08a091ef298e56b55e41
  TextFieldEffects: 8706f53525f1ce51c8921b7af32237caab50c467

PODFILE CHECKSUM: a0187d203ac4a6235555a9dfa565022c243f269a

COCOAPODS: 1.2.1
