// !$*UTF8*$!
{
	archiveVersion = 1;
	classes = {
	};
	objectVersion = 46;
	objects = {

/* Begin PBXBuildFile section */
		491EAA1D1F1E74ED00194503 /* Fact.swift in Sources */ = {isa = PBXBuildFile; fileRef = 491EAA1C1F1E74ED00194503 /* Fact.swift */; };
		49BD35861F17F7B2006E88B2 /* HomeViewController.swift in Sources */ = {isa = PBXBuildFile; fileRef = 49BD35851F17F7B2006E88B2 /* HomeViewController.swift */; };
		49BD35881F17FC29006E88B2 /* OverlayView.xib in Resources */ = {isa = PBXBuildFile; fileRef = 49BD35871F17FC29006E88B2 /* OverlayView.xib */; };
		49BD358A1F17FF86006E88B2 /* ExampleOverlayView.swift in Sources */ = {isa = PBXBuildFile; fileRef = 49BD35891F17FF86006E88B2 /* ExampleOverlayView.swift */; };
		9FF7164DA4695276ACB929FB /* Pods_FinderTests.framework in Frameworks */ = {isa = PBXBuildFile; fileRef = 404ABFEF8E1DE63E6B0D91D2 /* Pods_FinderTests.framework */; };
		B24FF73D014F1F6C78970B0C /* Pods_Finder.framework in Frameworks */ = {isa = PBXBuildFile; fileRef = 7F23CE4570C0E103EF1C8B95 /* Pods_Finder.framework */; };
		F718E4CB1F16D45C00AA1DD0 /* MapViewController.swift in Sources */ = {isa = PBXBuildFile; fileRef = F718E4CA1F16D45C00AA1DD0 /* MapViewController.swift */; };
		F78193591F17EC9E0043F7DA /* GoogleService-Info.plist in Resources */ = {isa = PBXBuildFile; fileRef = F78193581F17EC9E0043F7DA /* GoogleService-Info.plist */; };
		F78193AE1F20018A0043F7DA /* Recommended.swift in Sources */ = {isa = PBXBuildFile; fileRef = F78193AD1F20018A0043F7DA /* Recommended.swift */; };
		F7A0300C1F216F3300515762 /* SWRevealViewController.m in Sources */ = {isa = PBXBuildFile; fileRef = F7A0300A1F216F3300515762 /* SWRevealViewController.m */; };
		F7A0300D1F216F3300515762 /* UIImage-and-gif.swift in Sources */ = {isa = PBXBuildFile; fileRef = F7A0300B1F216F3300515762 /* UIImage-and-gif.swift */; };
		F7A030101F216F6600515762 /* login.gif in Resources */ = {isa = PBXBuildFile; fileRef = F7A0300F1F216F6600515762 /* login.gif */; };
		F7A030131F216F9600515762 /* Main.storyboard in Resources */ = {isa = PBXBuildFile; fileRef = F7A030121F216F9600515762 /* Main.storyboard */; };
		F7A030151F21722400515762 /* FullArticleViewController.swift in Sources */ = {isa = PBXBuildFile; fileRef = F7A030141F21722400515762 /* FullArticleViewController.swift */; };
		F7CF694A1F154333009FDF40 /* AppDelegate.swift in Sources */ = {isa = PBXBuildFile; fileRef = F7CF69491F154333009FDF40 /* AppDelegate.swift */; };
		F7CF694C1F154333009FDF40 /* ViewController.swift in Sources */ = {isa = PBXBuildFile; fileRef = F7CF694B1F154333009FDF40 /* ViewController.swift */; };
		F7CF69511F154333009FDF40 /* Assets.xcassets in Resources */ = {isa = PBXBuildFile; fileRef = F7CF69501F154333009FDF40 /* Assets.xcassets */; };
		F7CF69541F154333009FDF40 /* LaunchScreen.storyboard in Resources */ = {isa = PBXBuildFile; fileRef = F7CF69521F154333009FDF40 /* LaunchScreen.storyboard */; };
		F7CF695F1F154333009FDF40 /* FinderTests.swift in Sources */ = {isa = PBXBuildFile; fileRef = F7CF695E1F154333009FDF40 /* FinderTests.swift */; };
		F7CF696A1F154D8A009FDF40 /* Andale-Mono in Resources */ = {isa = PBXBuildFile; fileRef = F7CF69691F154D8A009FDF40 /* Andale-Mono */; };
		F7CF69711F155686009FDF40 /* LoginViewController.swift in Sources */ = {isa = PBXBuildFile; fileRef = F7CF69701F155686009FDF40 /* LoginViewController.swift */; };
		F7CF69731F155691009FDF40 /* ProfileViewController.swift in Sources */ = {isa = PBXBuildFile; fileRef = F7CF69721F155691009FDF40 /* ProfileViewController.swift */; };
		F7CF69751F15569F009FDF40 /* TimelineViewController.swift in Sources */ = {isa = PBXBuildFile; fileRef = F7CF69741F15569F009FDF40 /* TimelineViewController.swift */; };
		F7CF697A1F15809A009FDF40 /* PostTableViewCell.swift in Sources */ = {isa = PBXBuildFile; fileRef = F7CF69791F15809A009FDF40 /* PostTableViewCell.swift */; };
		F7CF697C1F1580D4009FDF40 /* RecommendedTableViewCell.swift in Sources */ = {isa = PBXBuildFile; fileRef = F7CF697B1F1580D4009FDF40 /* RecommendedTableViewCell.swift */; };
/* End PBXBuildFile section */

/* Begin PBXContainerItemProxy section */
		F7CF695B1F154333009FDF40 /* PBXContainerItemProxy */ = {
			isa = PBXContainerItemProxy;
			containerPortal = F7CF693E1F154333009FDF40 /* Project object */;
			proxyType = 1;
			remoteGlobalIDString = F7CF69451F154333009FDF40;
			remoteInfo = Finder;
		};
/* End PBXContainerItemProxy section */

/* Begin PBXFileReference section */
		404ABFEF8E1DE63E6B0D91D2 /* Pods_FinderTests.framework */ = {isa = PBXFileReference; explicitFileType = wrapper.framework; includeInIndex = 0; path = Pods_FinderTests.framework; sourceTree = BUILT_PRODUCTS_DIR; };
		491EAA1C1F1E74ED00194503 /* Fact.swift */ = {isa = PBXFileReference; fileEncoding = 4; lastKnownFileType = sourcecode.swift; path = Fact.swift; sourceTree = "<group>"; };
		49BD35851F17F7B2006E88B2 /* HomeViewController.swift */ = {isa = PBXFileReference; fileEncoding = 4; lastKnownFileType = sourcecode.swift; path = HomeViewController.swift; sourceTree = "<group>"; };
		49BD35871F17FC29006E88B2 /* OverlayView.xib */ = {isa = PBXFileReference; fileEncoding = 4; lastKnownFileType = file.xib; path = OverlayView.xib; sourceTree = "<group>"; };
		49BD35891F17FF86006E88B2 /* ExampleOverlayView.swift */ = {isa = PBXFileReference; fileEncoding = 4; lastKnownFileType = sourcecode.swift; path = ExampleOverlayView.swift; sourceTree = "<group>"; };
		6631D15A5A034D48EE3A495F /* Pods-FinderTests.release.xcconfig */ = {isa = PBXFileReference; includeInIndex = 1; lastKnownFileType = text.xcconfig; name = "Pods-FinderTests.release.xcconfig"; path = "Pods/Target Support Files/Pods-FinderTests/Pods-FinderTests.release.xcconfig"; sourceTree = "<group>"; };
		6DE2669AA0725E3C6752F2AC /* Pods-FinderTests.debug.xcconfig */ = {isa = PBXFileReference; includeInIndex = 1; lastKnownFileType = text.xcconfig; name = "Pods-FinderTests.debug.xcconfig"; path = "Pods/Target Support Files/Pods-FinderTests/Pods-FinderTests.debug.xcconfig"; sourceTree = "<group>"; };
		7F23CE4570C0E103EF1C8B95 /* Pods_Finder.framework */ = {isa = PBXFileReference; explicitFileType = wrapper.framework; includeInIndex = 0; path = Pods_Finder.framework; sourceTree = BUILT_PRODUCTS_DIR; };
		8BEC0968598DB8C6D702B1FE /* Pods-Finder.debug.xcconfig */ = {isa = PBXFileReference; includeInIndex = 1; lastKnownFileType = text.xcconfig; name = "Pods-Finder.debug.xcconfig"; path = "Pods/Target Support Files/Pods-Finder/Pods-Finder.debug.xcconfig"; sourceTree = "<group>"; };
		A563A52C46648C61003A25D7 /* Pods-Finder.release.xcconfig */ = {isa = PBXFileReference; includeInIndex = 1; lastKnownFileType = text.xcconfig; name = "Pods-Finder.release.xcconfig"; path = "Pods/Target Support Files/Pods-Finder/Pods-Finder.release.xcconfig"; sourceTree = "<group>"; };
		F718E4CA1F16D45C00AA1DD0 /* MapViewController.swift */ = {isa = PBXFileReference; fileEncoding = 4; lastKnownFileType = sourcecode.swift; path = MapViewController.swift; sourceTree = "<group>"; };
		F78193571F1752230043F7DA /* Finder.entitlements */ = {isa = PBXFileReference; lastKnownFileType = text.plist.entitlements; path = Finder.entitlements; sourceTree = "<group>"; };
		F78193581F17EC9E0043F7DA /* GoogleService-Info.plist */ = {isa = PBXFileReference; fileEncoding = 4; lastKnownFileType = text.plist.xml; path = "GoogleService-Info.plist"; sourceTree = "<group>"; };
		F78193AD1F20018A0043F7DA /* Recommended.swift */ = {isa = PBXFileReference; fileEncoding = 4; lastKnownFileType = sourcecode.swift; path = Recommended.swift; sourceTree = "<group>"; };
		F78193B01F2009850043F7DA /* Finder-Bridging-Header.h */ = {isa = PBXFileReference; lastKnownFileType = sourcecode.c.h; path = "Finder-Bridging-Header.h"; sourceTree = "<group>"; };
		F7A030081F216F3200515762 /* Finder-Bridging-Header.h */ = {isa = PBXFileReference; lastKnownFileType = sourcecode.c.h; path = "Finder-Bridging-Header.h"; sourceTree = "<group>"; };
		F7A030091F216F3300515762 /* SWRevealViewController.h */ = {isa = PBXFileReference; fileEncoding = 4; lastKnownFileType = sourcecode.c.h; path = SWRevealViewController.h; sourceTree = "<group>"; };
		F7A0300A1F216F3300515762 /* SWRevealViewController.m */ = {isa = PBXFileReference; fileEncoding = 4; lastKnownFileType = sourcecode.c.objc; path = SWRevealViewController.m; sourceTree = "<group>"; };
		F7A0300B1F216F3300515762 /* UIImage-and-gif.swift */ = {isa = PBXFileReference; fileEncoding = 4; lastKnownFileType = sourcecode.swift; path = "UIImage-and-gif.swift"; sourceTree = "<group>"; };
		F7A0300F1F216F6600515762 /* login.gif */ = {isa = PBXFileReference; lastKnownFileType = image.gif; path = login.gif; sourceTree = "<group>"; };
		F7A030121F216F9600515762 /* Main.storyboard */ = {isa = PBXFileReference; fileEncoding = 4; lastKnownFileType = file.storyboard; path = Main.storyboard; sourceTree = "<group>"; };
		F7A030141F21722400515762 /* FullArticleViewController.swift */ = {isa = PBXFileReference; fileEncoding = 4; lastKnownFileType = sourcecode.swift; path = FullArticleViewController.swift; sourceTree = "<group>"; };
		F7CF69461F154333009FDF40 /* Finder.app */ = {isa = PBXFileReference; explicitFileType = wrapper.application; includeInIndex = 0; path = Finder.app; sourceTree = BUILT_PRODUCTS_DIR; };
		F7CF69491F154333009FDF40 /* AppDelegate.swift */ = {isa = PBXFileReference; lastKnownFileType = sourcecode.swift; path = AppDelegate.swift; sourceTree = "<group>"; };
		F7CF694B1F154333009FDF40 /* ViewController.swift */ = {isa = PBXFileReference; lastKnownFileType = sourcecode.swift; path = ViewController.swift; sourceTree = "<group>"; };
		F7CF69501F154333009FDF40 /* Assets.xcassets */ = {isa = PBXFileReference; lastKnownFileType = folder.assetcatalog; path = Assets.xcassets; sourceTree = "<group>"; };
		F7CF69531F154333009FDF40 /* Base */ = {isa = PBXFileReference; lastKnownFileType = file.storyboard; name = Base; path = Base.lproj/LaunchScreen.storyboard; sourceTree = "<group>"; };
		F7CF69551F154333009FDF40 /* Info.plist */ = {isa = PBXFileReference; lastKnownFileType = text.plist.xml; path = Info.plist; sourceTree = "<group>"; };
		F7CF695A1F154333009FDF40 /* FinderTests.xctest */ = {isa = PBXFileReference; explicitFileType = wrapper.cfbundle; includeInIndex = 0; path = FinderTests.xctest; sourceTree = BUILT_PRODUCTS_DIR; };
		F7CF695E1F154333009FDF40 /* FinderTests.swift */ = {isa = PBXFileReference; lastKnownFileType = sourcecode.swift; path = FinderTests.swift; sourceTree = "<group>"; };
		F7CF69601F154333009FDF40 /* Info.plist */ = {isa = PBXFileReference; lastKnownFileType = text.plist.xml; path = Info.plist; sourceTree = "<group>"; };
		F7CF69691F154D8A009FDF40 /* Andale-Mono */ = {isa = PBXFileReference; lastKnownFileType = folder; path = "Andale-Mono"; sourceTree = "<group>"; };
		F7CF69701F155686009FDF40 /* LoginViewController.swift */ = {isa = PBXFileReference; fileEncoding = 4; lastKnownFileType = sourcecode.swift; path = LoginViewController.swift; sourceTree = "<group>"; };
		F7CF69721F155691009FDF40 /* ProfileViewController.swift */ = {isa = PBXFileReference; fileEncoding = 4; lastKnownFileType = sourcecode.swift; path = ProfileViewController.swift; sourceTree = "<group>"; };
		F7CF69741F15569F009FDF40 /* TimelineViewController.swift */ = {isa = PBXFileReference; fileEncoding = 4; lastKnownFileType = sourcecode.swift; path = TimelineViewController.swift; sourceTree = "<group>"; };
		F7CF69791F15809A009FDF40 /* PostTableViewCell.swift */ = {isa = PBXFileReference; fileEncoding = 4; lastKnownFileType = sourcecode.swift; path = PostTableViewCell.swift; sourceTree = "<group>"; };
		F7CF697B1F1580D4009FDF40 /* RecommendedTableViewCell.swift */ = {isa = PBXFileReference; fileEncoding = 4; lastKnownFileType = sourcecode.swift; path = RecommendedTableViewCell.swift; sourceTree = "<group>"; };
/* End PBXFileReference section */

/* Begin PBXFrameworksBuildPhase section */
		F7CF69431F154333009FDF40 /* Frameworks */ = {
			isa = PBXFrameworksBuildPhase;
			buildActionMask = 2147483647;
			files = (
				B24FF73D014F1F6C78970B0C /* Pods_Finder.framework in Frameworks */,
			);
			runOnlyForDeploymentPostprocessing = 0;
		};
		F7CF69571F154333009FDF40 /* Frameworks */ = {
			isa = PBXFrameworksBuildPhase;
			buildActionMask = 2147483647;
			files = (
				9FF7164DA4695276ACB929FB /* Pods_FinderTests.framework in Frameworks */,
			);
			runOnlyForDeploymentPostprocessing = 0;
		};
/* End PBXFrameworksBuildPhase section */

/* Begin PBXGroup section */
		063A57246B53683BD25840CC /* Frameworks */ = {
			isa = PBXGroup;
			children = (
				7F23CE4570C0E103EF1C8B95 /* Pods_Finder.framework */,
				404ABFEF8E1DE63E6B0D91D2 /* Pods_FinderTests.framework */,
			);
			name = Frameworks;
			sourceTree = "<group>";
		};
		236349790E94608B4A11AF3F /* Pods */ = {
			isa = PBXGroup;
			children = (
				8BEC0968598DB8C6D702B1FE /* Pods-Finder.debug.xcconfig */,
				A563A52C46648C61003A25D7 /* Pods-Finder.release.xcconfig */,
				6DE2669AA0725E3C6752F2AC /* Pods-FinderTests.debug.xcconfig */,
				6631D15A5A034D48EE3A495F /* Pods-FinderTests.release.xcconfig */,
			);
			name = Pods;
			sourceTree = "<group>";
		};
		F781934D1F16DE260043F7DA /* Supporting Files */ = {
			isa = PBXGroup;
			children = (
				F7A030091F216F3300515762 /* SWRevealViewController.h */,
				F7A0300A1F216F3300515762 /* SWRevealViewController.m */,
				F7A0300B1F216F3300515762 /* UIImage-and-gif.swift */,
				491EAA1C1F1E74ED00194503 /* Fact.swift */,
				F7A030081F216F3200515762 /* Finder-Bridging-Header.h */,
			);
			name = "Supporting Files";
			sourceTree = "<group>";
		};
		F78193521F16DF5A0043F7DA /* Models */ = {
			isa = PBXGroup;
			children = (
				F78193AD1F20018A0043F7DA /* Recommended.swift */,
			);
			name = Models;
			sourceTree = "<group>";
		};
		F7A0300E1F216F5400515762 /* Images */ = {
			isa = PBXGroup;
			children = (
				F7A0300F1F216F6600515762 /* login.gif */,
			);
			name = Images;
			sourceTree = "<group>";
		};
		F7A030111F216F7300515762 /* Fonts */ = {
			isa = PBXGroup;
			children = (
				F7CF69691F154D8A009FDF40 /* Andale-Mono */,
			);
			name = Fonts;
			sourceTree = "<group>";
		};
		F7CF693D1F154333009FDF40 = {
			isa = PBXGroup;
			children = (
				F7CF69481F154333009FDF40 /* Finder */,
				F7CF695D1F154333009FDF40 /* FinderTests */,
				F7CF69471F154333009FDF40 /* Products */,
				236349790E94608B4A11AF3F /* Pods */,
				063A57246B53683BD25840CC /* Frameworks */,
			);
			sourceTree = "<group>";
		};
		F7CF69471F154333009FDF40 /* Products */ = {
			isa = PBXGroup;
			children = (
				F7CF69461F154333009FDF40 /* Finder.app */,
				F7CF695A1F154333009FDF40 /* FinderTests.xctest */,
			);
			name = Products;
			sourceTree = "<group>";
		};
		F7CF69481F154333009FDF40 /* Finder */ = {
			isa = PBXGroup;
			children = (
				F78193571F1752230043F7DA /* Finder.entitlements */,
				F7A030111F216F7300515762 /* Fonts */,
				F7A0300E1F216F5400515762 /* Images */,
				F78193521F16DF5A0043F7DA /* Models */,
				F781934D1F16DE260043F7DA /* Supporting Files */,
				F7CF69781F158048009FDF40 /* Views */,
				F7CF696F1F155678009FDF40 /* View Controllers */,
				F7CF69491F154333009FDF40 /* AppDelegate.swift */,
				F7CF694B1F154333009FDF40 /* ViewController.swift */,
				F7A030121F216F9600515762 /* Main.storyboard */,
				F7CF69501F154333009FDF40 /* Assets.xcassets */,
				F7CF69521F154333009FDF40 /* LaunchScreen.storyboard */,
				F7CF69551F154333009FDF40 /* Info.plist */,
				F78193581F17EC9E0043F7DA /* GoogleService-Info.plist */,
				F78193B01F2009850043F7DA /* Finder-Bridging-Header.h */,
			);
			path = Finder;
			sourceTree = "<group>";
		};
		F7CF695D1F154333009FDF40 /* FinderTests */ = {
			isa = PBXGroup;
			children = (
				F7CF695E1F154333009FDF40 /* FinderTests.swift */,
				F7CF69601F154333009FDF40 /* Info.plist */,
			);
			path = FinderTests;
			sourceTree = "<group>";
		};
		F7CF696F1F155678009FDF40 /* View Controllers */ = {
			isa = PBXGroup;
			children = (
				F7CF69701F155686009FDF40 /* LoginViewController.swift */,
				F7CF69721F155691009FDF40 /* ProfileViewController.swift */,
				F7CF69741F15569F009FDF40 /* TimelineViewController.swift */,
				F7A030141F21722400515762 /* FullArticleViewController.swift */,
				F718E4CA1F16D45C00AA1DD0 /* MapViewController.swift */,
				49BD35851F17F7B2006E88B2 /* HomeViewController.swift */,
			);
			name = "View Controllers";
			sourceTree = "<group>";
		};
		F7CF69781F158048009FDF40 /* Views */ = {
			isa = PBXGroup;
			children = (
				F7CF69791F15809A009FDF40 /* PostTableViewCell.swift */,
				F7CF697B1F1580D4009FDF40 /* RecommendedTableViewCell.swift */,
				49BD35871F17FC29006E88B2 /* OverlayView.xib */,
				49BD35891F17FF86006E88B2 /* ExampleOverlayView.swift */,
			);
			name = Views;
			sourceTree = "<group>";
		};
/* End PBXGroup section */

/* Begin PBXNativeTarget section */
		F7CF69451F154333009FDF40 /* Finder */ = {
			isa = PBXNativeTarget;
			buildConfigurationList = F7CF69631F154333009FDF40 /* Build configuration list for PBXNativeTarget "Finder" */;
			buildPhases = (
				3B25814FD836FE4AB7B3BF82 /* [CP] Check Pods Manifest.lock */,
				F7CF69421F154333009FDF40 /* Sources */,
				F7CF69431F154333009FDF40 /* Frameworks */,
				F7CF69441F154333009FDF40 /* Resources */,
				D68EF78A3DF19883BA2079B2 /* [CP] Embed Pods Frameworks */,
				FF54DFC449F0B04BD9EAADA6 /* [CP] Copy Pods Resources */,
			);
			buildRules = (
			);
			dependencies = (
			);
			name = Finder;
			productName = Finder;
			productReference = F7CF69461F154333009FDF40 /* Finder.app */;
			productType = "com.apple.product-type.application";
		};
		F7CF69591F154333009FDF40 /* FinderTests */ = {
			isa = PBXNativeTarget;
			buildConfigurationList = F7CF69661F154333009FDF40 /* Build configuration list for PBXNativeTarget "FinderTests" */;
			buildPhases = (
				D51F0C5C3B2A5A311C134DB6 /* [CP] Check Pods Manifest.lock */,
				F7CF69561F154333009FDF40 /* Sources */,
				F7CF69571F154333009FDF40 /* Frameworks */,
				F7CF69581F154333009FDF40 /* Resources */,
				436945CB20CB36A651D1DCCC /* [CP] Embed Pods Frameworks */,
				26E17D3C694320FB6470227F /* [CP] Copy Pods Resources */,
			);
			buildRules = (
			);
			dependencies = (
				F7CF695C1F154333009FDF40 /* PBXTargetDependency */,
			);
			name = FinderTests;
			productName = FinderTests;
			productReference = F7CF695A1F154333009FDF40 /* FinderTests.xctest */;
			productType = "com.apple.product-type.bundle.unit-test";
		};
/* End PBXNativeTarget section */

/* Begin PBXProject section */
		F7CF693E1F154333009FDF40 /* Project object */ = {
			isa = PBXProject;
			attributes = {
				LastSwiftUpdateCheck = 0830;
				LastUpgradeCheck = 0830;
				ORGANIZATIONNAME = Finder;
				TargetAttributes = {
					F7CF69451F154333009FDF40 = {
						CreatedOnToolsVersion = 8.3.3;
						DevelopmentTeam = MN29R57D4L;
						LastSwiftMigration = 0830;
						ProvisioningStyle = Automatic;
						SystemCapabilities = {
							com.apple.Keychain = {
								enabled = 1;
							};
						};
					};
					F7CF69591F154333009FDF40 = {
						CreatedOnToolsVersion = 8.3.3;
						ProvisioningStyle = Automatic;
						TestTargetID = F7CF69451F154333009FDF40;
					};
				};
			};
			buildConfigurationList = F7CF69411F154333009FDF40 /* Build configuration list for PBXProject "Finder" */;
			compatibilityVersion = "Xcode 3.2";
			developmentRegion = English;
			hasScannedForEncodings = 0;
			knownRegions = (
				en,
				Base,
			);
			mainGroup = F7CF693D1F154333009FDF40;
			productRefGroup = F7CF69471F154333009FDF40 /* Products */;
			projectDirPath = "";
			projectRoot = "";
			targets = (
				F7CF69451F154333009FDF40 /* Finder */,
				F7CF69591F154333009FDF40 /* FinderTests */,
			);
		};
/* End PBXProject section */

/* Begin PBXResourcesBuildPhase section */
		F7CF69441F154333009FDF40 /* Resources */ = {
			isa = PBXResourcesBuildPhase;
			buildActionMask = 2147483647;
			files = (
				49BD35881F17FC29006E88B2 /* OverlayView.xib in Resources */,
				F7CF69541F154333009FDF40 /* LaunchScreen.storyboard in Resources */,
				F7CF69511F154333009FDF40 /* Assets.xcassets in Resources */,
				F7A030131F216F9600515762 /* Main.storyboard in Resources */,
				F7CF696A1F154D8A009FDF40 /* Andale-Mono in Resources */,
				F7A030101F216F6600515762 /* login.gif in Resources */,
				F78193591F17EC9E0043F7DA /* GoogleService-Info.plist in Resources */,
			);
			runOnlyForDeploymentPostprocessing = 0;
		};
		F7CF69581F154333009FDF40 /* Resources */ = {
			isa = PBXResourcesBuildPhase;
			buildActionMask = 2147483647;
			files = (
			);
			runOnlyForDeploymentPostprocessing = 0;
		};
/* End PBXResourcesBuildPhase section */

/* Begin PBXShellScriptBuildPhase section */
		26E17D3C694320FB6470227F /* [CP] Copy Pods Resources */ = {
			isa = PBXShellScriptBuildPhase;
			buildActionMask = 2147483647;
			files = (
			);
			inputPaths = (
			);
			name = "[CP] Copy Pods Resources";
			outputPaths = (
			);
			runOnlyForDeploymentPostprocessing = 0;
			shellPath = /bin/sh;
			shellScript = "\"${SRCROOT}/Pods/Target Support Files/Pods-FinderTests/Pods-FinderTests-resources.sh\"\n";
			showEnvVarsInLog = 0;
		};
		3B25814FD836FE4AB7B3BF82 /* [CP] Check Pods Manifest.lock */ = {
			isa = PBXShellScriptBuildPhase;
			buildActionMask = 2147483647;
			files = (
			);
			inputPaths = (
			);
			name = "[CP] Check Pods Manifest.lock";
			outputPaths = (
			);
			runOnlyForDeploymentPostprocessing = 0;
			shellPath = /bin/sh;
			shellScript = "diff \"${PODS_PODFILE_DIR_PATH}/Podfile.lock\" \"${PODS_ROOT}/Manifest.lock\" > /dev/null\nif [ $? != 0 ] ; then\n    # print error to STDERR\n    echo \"error: The sandbox is not in sync with the Podfile.lock. Run 'pod install' or update your CocoaPods installation.\" >&2\n    exit 1\nfi\n";
			showEnvVarsInLog = 0;
		};
		436945CB20CB36A651D1DCCC /* [CP] Embed Pods Frameworks */ = {
			isa = PBXShellScriptBuildPhase;
			buildActionMask = 2147483647;
			files = (
			);
			inputPaths = (
			);
			name = "[CP] Embed Pods Frameworks";
			outputPaths = (
			);
			runOnlyForDeploymentPostprocessing = 0;
			shellPath = /bin/sh;
			shellScript = "\"${SRCROOT}/Pods/Target Support Files/Pods-FinderTests/Pods-FinderTests-frameworks.sh\"\n";
			showEnvVarsInLog = 0;
		};
		D51F0C5C3B2A5A311C134DB6 /* [CP] Check Pods Manifest.lock */ = {
			isa = PBXShellScriptBuildPhase;
			buildActionMask = 2147483647;
			files = (
			);
			inputPaths = (
			);
			name = "[CP] Check Pods Manifest.lock";
			outputPaths = (
			);
			runOnlyForDeploymentPostprocessing = 0;
			shellPath = /bin/sh;
			shellScript = "diff \"${PODS_PODFILE_DIR_PATH}/Podfile.lock\" \"${PODS_ROOT}/Manifest.lock\" > /dev/null\nif [ $? != 0 ] ; then\n    # print error to STDERR\n    echo \"error: The sandbox is not in sync with the Podfile.lock. Run 'pod install' or update your CocoaPods installation.\" >&2\n    exit 1\nfi\n";
			showEnvVarsInLog = 0;
		};
		D68EF78A3DF19883BA2079B2 /* [CP] Embed Pods Frameworks */ = {
			isa = PBXShellScriptBuildPhase;
			buildActionMask = 2147483647;
			files = (
			);
			inputPaths = (
			);
			name = "[CP] Embed Pods Frameworks";
			outputPaths = (
			);
			runOnlyForDeploymentPostprocessing = 0;
			shellPath = /bin/sh;
			shellScript = "\"${SRCROOT}/Pods/Target Support Files/Pods-Finder/Pods-Finder-frameworks.sh\"\n";
			showEnvVarsInLog = 0;
		};
		FF54DFC449F0B04BD9EAADA6 /* [CP] Copy Pods Resources */ = {
			isa = PBXShellScriptBuildPhase;
			buildActionMask = 2147483647;
			files = (
			);
			inputPaths = (
			);
			name = "[CP] Copy Pods Resources";
			outputPaths = (
			);
			runOnlyForDeploymentPostprocessing = 0;
			shellPath = /bin/sh;
			shellScript = "\"${SRCROOT}/Pods/Target Support Files/Pods-Finder/Pods-Finder-resources.sh\"\n";
			showEnvVarsInLog = 0;
		};
/* End PBXShellScriptBuildPhase section */

/* Begin PBXSourcesBuildPhase section */
		F7CF69421F154333009FDF40 /* Sources */ = {
			isa = PBXSourcesBuildPhase;
			buildActionMask = 2147483647;
			files = (
				F7CF69711F155686009FDF40 /* LoginViewController.swift in Sources */,
				F7A030151F21722400515762 /* FullArticleViewController.swift in Sources */,
				F78193AE1F20018A0043F7DA /* Recommended.swift in Sources */,
				F7CF694C1F154333009FDF40 /* ViewController.swift in Sources */,
				F7CF69731F155691009FDF40 /* ProfileViewController.swift in Sources */,
				F7CF697C1F1580D4009FDF40 /* RecommendedTableViewCell.swift in Sources */,
				F7CF694A1F154333009FDF40 /* AppDelegate.swift in Sources */,
				F7CF69751F15569F009FDF40 /* TimelineViewController.swift in Sources */,
				F7A0300D1F216F3300515762 /* UIImage-and-gif.swift in Sources */,
				F7A0300C1F216F3300515762 /* SWRevealViewController.m in Sources */,
				F7CF697A1F15809A009FDF40 /* PostTableViewCell.swift in Sources */,
				491EAA1D1F1E74ED00194503 /* Fact.swift in Sources */,
				49BD35861F17F7B2006E88B2 /* HomeViewController.swift in Sources */,
				49BD358A1F17FF86006E88B2 /* ExampleOverlayView.swift in Sources */,
				F718E4CB1F16D45C00AA1DD0 /* MapViewController.swift in Sources */,
			);
			runOnlyForDeploymentPostprocessing = 0;
		};
		F7CF69561F154333009FDF40 /* Sources */ = {
			isa = PBXSourcesBuildPhase;
			buildActionMask = 2147483647;
			files = (
				F7CF695F1F154333009FDF40 /* FinderTests.swift in Sources */,
			);
			runOnlyForDeploymentPostprocessing = 0;
		};
/* End PBXSourcesBuildPhase section */

/* Begin PBXTargetDependency section */
		F7CF695C1F154333009FDF40 /* PBXTargetDependency */ = {
			isa = PBXTargetDependency;
			target = F7CF69451F154333009FDF40 /* Finder */;
			targetProxy = F7CF695B1F154333009FDF40 /* PBXContainerItemProxy */;
		};
/* End PBXTargetDependency section */

/* Begin PBXVariantGroup section */
		F7CF69521F154333009FDF40 /* LaunchScreen.storyboard */ = {
			isa = PBXVariantGroup;
			children = (
				F7CF69531F154333009FDF40 /* Base */,
			);
			name = LaunchScreen.storyboard;
			sourceTree = "<group>";
		};
/* End PBXVariantGroup section */

/* Begin XCBuildConfiguration section */
		F7CF69611F154333009FDF40 /* Debug */ = {
			isa = XCBuildConfiguration;
			buildSettings = {
				ALWAYS_SEARCH_USER_PATHS = NO;
				CLANG_ANALYZER_NONNULL = YES;
				CLANG_ANALYZER_NUMBER_OBJECT_CONVERSION = YES_AGGRESSIVE;
				CLANG_CXX_LANGUAGE_STANDARD = "gnu++0x";
				CLANG_CXX_LIBRARY = "libc++";
				CLANG_ENABLE_MODULES = YES;
				CLANG_ENABLE_OBJC_ARC = YES;
				CLANG_WARN_BOOL_CONVERSION = YES;
				CLANG_WARN_CONSTANT_CONVERSION = YES;
				CLANG_WARN_DIRECT_OBJC_ISA_USAGE = YES_ERROR;
				CLANG_WARN_DOCUMENTATION_COMMENTS = YES;
				CLANG_WARN_EMPTY_BODY = YES;
				CLANG_WARN_ENUM_CONVERSION = YES;
				CLANG_WARN_INFINITE_RECURSION = YES;
				CLANG_WARN_INT_CONVERSION = YES;
				CLANG_WARN_OBJC_ROOT_CLASS = YES_ERROR;
				CLANG_WARN_SUSPICIOUS_MOVE = YES;
				CLANG_WARN_UNREACHABLE_CODE = YES;
				CLANG_WARN__DUPLICATE_METHOD_MATCH = YES;
				"CODE_SIGN_IDENTITY[sdk=iphoneos*]" = "iPhone Developer";
				COPY_PHASE_STRIP = NO;
				DEBUG_INFORMATION_FORMAT = dwarf;
				ENABLE_STRICT_OBJC_MSGSEND = YES;
				ENABLE_TESTABILITY = YES;
				GCC_C_LANGUAGE_STANDARD = gnu99;
				GCC_DYNAMIC_NO_PIC = NO;
				GCC_NO_COMMON_BLOCKS = YES;
				GCC_OPTIMIZATION_LEVEL = 0;
				GCC_PREPROCESSOR_DEFINITIONS = (
					"DEBUG=1",
					"$(inherited)",
				);
				GCC_WARN_64_TO_32_BIT_CONVERSION = YES;
				GCC_WARN_ABOUT_RETURN_TYPE = YES_ERROR;
				GCC_WARN_UNDECLARED_SELECTOR = YES;
				GCC_WARN_UNINITIALIZED_AUTOS = YES_AGGRESSIVE;
				GCC_WARN_UNUSED_FUNCTION = YES;
				GCC_WARN_UNUSED_VARIABLE = YES;
				IPHONEOS_DEPLOYMENT_TARGET = 10.3;
				MTL_ENABLE_DEBUG_INFO = YES;
				ONLY_ACTIVE_ARCH = YES;
				SDKROOT = iphoneos;
				SWIFT_ACTIVE_COMPILATION_CONDITIONS = DEBUG;
				SWIFT_OPTIMIZATION_LEVEL = "-Onone";
			};
			name = Debug;
		};
		F7CF69621F154333009FDF40 /* Release */ = {
			isa = XCBuildConfiguration;
			buildSettings = {
				ALWAYS_SEARCH_USER_PATHS = NO;
				CLANG_ANALYZER_NONNULL = YES;
				CLANG_ANALYZER_NUMBER_OBJECT_CONVERSION = YES_AGGRESSIVE;
				CLANG_CXX_LANGUAGE_STANDARD = "gnu++0x";
				CLANG_CXX_LIBRARY = "libc++";
				CLANG_ENABLE_MODULES = YES;
				CLANG_ENABLE_OBJC_ARC = YES;
				CLANG_WARN_BOOL_CONVERSION = YES;
				CLANG_WARN_CONSTANT_CONVERSION = YES;
				CLANG_WARN_DIRECT_OBJC_ISA_USAGE = YES_ERROR;
				CLANG_WARN_DOCUMENTATION_COMMENTS = YES;
				CLANG_WARN_EMPTY_BODY = YES;
				CLANG_WARN_ENUM_CONVERSION = YES;
				CLANG_WARN_INFINITE_RECURSION = YES;
				CLANG_WARN_INT_CONVERSION = YES;
				CLANG_WARN_OBJC_ROOT_CLASS = YES_ERROR;
				CLANG_WARN_SUSPICIOUS_MOVE = YES;
				CLANG_WARN_UNREACHABLE_CODE = YES;
				CLANG_WARN__DUPLICATE_METHOD_MATCH = YES;
				"CODE_SIGN_IDENTITY[sdk=iphoneos*]" = "iPhone Developer";
				COPY_PHASE_STRIP = NO;
				DEBUG_INFORMATION_FORMAT = "dwarf-with-dsym";
				ENABLE_NS_ASSERTIONS = NO;
				ENABLE_STRICT_OBJC_MSGSEND = YES;
				GCC_C_LANGUAGE_STANDARD = gnu99;
				GCC_NO_COMMON_BLOCKS = YES;
				GCC_WARN_64_TO_32_BIT_CONVERSION = YES;
				GCC_WARN_ABOUT_RETURN_TYPE = YES_ERROR;
				GCC_WARN_UNDECLARED_SELECTOR = YES;
				GCC_WARN_UNINITIALIZED_AUTOS = YES_AGGRESSIVE;
				GCC_WARN_UNUSED_FUNCTION = YES;
				GCC_WARN_UNUSED_VARIABLE = YES;
				IPHONEOS_DEPLOYMENT_TARGET = 10.3;
				MTL_ENABLE_DEBUG_INFO = NO;
				SDKROOT = iphoneos;
				SWIFT_OPTIMIZATION_LEVEL = "-Owholemodule";
				VALIDATE_PRODUCT = YES;
			};
			name = Release;
		};
		F7CF69641F154333009FDF40 /* Debug */ = {
			isa = XCBuildConfiguration;
			baseConfigurationReference = 8BEC0968598DB8C6D702B1FE /* Pods-Finder.debug.xcconfig */;
			buildSettings = {
				ASSETCATALOG_COMPILER_APPICON_NAME = AppIcon;
				CLANG_ENABLE_MODULES = YES;
				CODE_SIGN_ENTITLEMENTS = Finder/Finder.entitlements;
				DEVELOPMENT_TEAM = MN29R57D4L;
				INFOPLIST_FILE = Finder/Info.plist;
				LD_RUNPATH_SEARCH_PATHS = "$(inherited) @executable_path/Frameworks";
				PRODUCT_BUNDLE_IDENTIFIER = com.claire;
				PRODUCT_NAME = "$(TARGET_NAME)";
				SWIFT_OBJC_BRIDGING_HEADER = "Finder/Finder-Bridging-Header.h";
				SWIFT_OPTIMIZATION_LEVEL = "-Onone";
				SWIFT_VERSION = 3.0;
			};
			name = Debug;
		};
		F7CF69651F154333009FDF40 /* Release */ = {
			isa = XCBuildConfiguration;
			baseConfigurationReference = A563A52C46648C61003A25D7 /* Pods-Finder.release.xcconfig */;
			buildSettings = {
				ASSETCATALOG_COMPILER_APPICON_NAME = AppIcon;
				CLANG_ENABLE_MODULES = YES;
				CODE_SIGN_ENTITLEMENTS = Finder/Finder.entitlements;
				DEVELOPMENT_TEAM = MN29R57D4L;
				INFOPLIST_FILE = Finder/Info.plist;
				LD_RUNPATH_SEARCH_PATHS = "$(inherited) @executable_path/Frameworks";
				PRODUCT_BUNDLE_IDENTIFIER = com.claire;
				PRODUCT_NAME = "$(TARGET_NAME)";
				SWIFT_OBJC_BRIDGING_HEADER = "Finder/Finder-Bridging-Header.h";
				SWIFT_VERSION = 3.0;
			};
			name = Release;
		};
		F7CF69671F154333009FDF40 /* Debug */ = {
			isa = XCBuildConfiguration;
			baseConfigurationReference = 6DE2669AA0725E3C6752F2AC /* Pods-FinderTests.debug.xcconfig */;
			buildSettings = {
				ALWAYS_EMBED_SWIFT_STANDARD_LIBRARIES = YES;
				BUNDLE_LOADER = "$(TEST_HOST)";
				INFOPLIST_FILE = FinderTests/Info.plist;
				LD_RUNPATH_SEARCH_PATHS = "$(inherited) @executable_path/Frameworks @loader_path/Frameworks";
				PRODUCT_BUNDLE_IDENTIFIER = com.FBU.FinderTests;
				PRODUCT_NAME = "$(TARGET_NAME)";
				SWIFT_VERSION = 3.0;
				TEST_HOST = "$(BUILT_PRODUCTS_DIR)/Finder.app/Finder";
			};
			name = Debug;
		};
		F7CF69681F154333009FDF40 /* Release */ = {
			isa = XCBuildConfiguration;
			baseConfigurationReference = 6631D15A5A034D48EE3A495F /* Pods-FinderTests.release.xcconfig */;
			buildSettings = {
				ALWAYS_EMBED_SWIFT_STANDARD_LIBRARIES = YES;
				BUNDLE_LOADER = "$(TEST_HOST)";
				INFOPLIST_FILE = FinderTests/Info.plist;
				LD_RUNPATH_SEARCH_PATHS = "$(inherited) @executable_path/Frameworks @loader_path/Frameworks";
				PRODUCT_BUNDLE_IDENTIFIER = com.FBU.FinderTests;
				PRODUCT_NAME = "$(TARGET_NAME)";
				SWIFT_VERSION = 3.0;
				TEST_HOST = "$(BUILT_PRODUCTS_DIR)/Finder.app/Finder";
			};
			name = Release;
		};
/* End XCBuildConfiguration section */

/* Begin XCConfigurationList section */
		F7CF69411F154333009FDF40 /* Build configuration list for PBXProject "Finder" */ = {
			isa = XCConfigurationList;
			buildConfigurations = (
				F7CF69611F154333009FDF40 /* Debug */,
				F7CF69621F154333009FDF40 /* Release */,
			);
			defaultConfigurationIsVisible = 0;
			defaultConfigurationName = Release;
		};
		F7CF69631F154333009FDF40 /* Build configuration list for PBXNativeTarget "Finder" */ = {
			isa = XCConfigurationList;
			buildConfigurations = (
				F7CF69641F154333009FDF40 /* Debug */,
				F7CF69651F154333009FDF40 /* Release */,
			);
			defaultConfigurationIsVisible = 0;
			defaultConfigurationName = Release;
		};
		F7CF69661F154333009FDF40 /* Build configuration list for PBXNativeTarget "FinderTests" */ = {
			isa = XCConfigurationList;
			buildConfigurations = (
				F7CF69671F154333009FDF40 /* Debug */,
				F7CF69681F154333009FDF40 /* Release */,
			);
			defaultConfigurationIsVisible = 0;
			defaultConfigurationName = Release;
		};
/* End XCConfigurationList section */
	};
	rootObject = F7CF693E1F154333009FDF40 /* Project object */;
}
